<?xml version="1.0" encoding="utf-8"?>
<Project ToolsVersion="4.0" xmlns="http://schemas.microsoft.com/developer/msbuild/2003">
  <ItemGroup>
    <Filter Include="소스 파일">
      <UniqueIdentifier>{4FC737F1-C7A5-4376-A066-2A32D752A2FF}</UniqueIdentifier>
      <Extensions>cpp;c;cc;cxx;def;odl;idl;hpj;bat;asm;asmx</Extensions>
    </Filter>
    <Filter Include="헤더 파일">
      <UniqueIdentifier>{93995380-89BD-4b04-88EB-625FBE52EBFB}</UniqueIdentifier>
      <Extensions>h;hh;hpp;hxx;hm;inl;inc;xsd</Extensions>
    </Filter>
    <Filter Include="리소스 파일">
      <UniqueIdentifier>{67DA6AB6-F800-4c08-8B7A-83BB121AAD01}</UniqueIdentifier>
      <Extensions>rc;ico;cur;bmp;dlg;rc2;rct;bin;rgs;gif;jpg;jpeg;jpe;resx;tiff;tif;png;wav;mfcribbon-ms</Extensions>
    </Filter>
    <Filter Include="헤더 파일\Shared">
      <UniqueIdentifier>{35961776-6542-4887-be19-1a040491385b}</UniqueIdentifier>
    </Filter>
    <Filter Include="소스 파일\Shared">
      <UniqueIdentifier>{56eef877-ce8d-431e-a7a4-dd5fc66597fe}</UniqueIdentifier>
    </Filter>
    <Filter Include="소스 파일\ClientStateFunctor">
      <UniqueIdentifier>{0ccc0d9d-5abb-4163-a436-1ec1bfc9a07a}</UniqueIdentifier>
    </Filter>
    <Filter Include="헤더 파일\ClientStateFunctor">
      <UniqueIdentifier>{ffc85145-5563-4d27-9a90-0b461b20ea00}</UniqueIdentifier>
    </Filter>
  </ItemGroup>
  <ItemGroup>
    <ClCompile Include="source.cpp">
      <Filter>소스 파일</Filter>
    </ClCompile>
    <ClCompile Include="..\..\Shared\Private\Packet_Utility.cpp">
      <Filter>소스 파일\Shared</Filter>
    </ClCompile>
    <ClCompile Include="..\..\Shared\Private\Function.cpp">
      <Filter>소스 파일\Shared</Filter>
    </ClCompile>
    <ClCompile Include="Private\ClientInfo.cpp">
      <Filter>소스 파일</Filter>
    </ClCompile>
    <ClCompile Include="Private\ServerManager.cpp">
      <Filter>소스 파일</Filter>
    </ClCompile>
    <ClCompile Include="Private\ClientIniteState.cpp">
      <Filter>소스 파일\ClientStateFunctor</Filter>
    </ClCompile>
    <ClCompile Include="Private\ChattIniteState.cpp">
      <Filter>소스 파일\ClientStateFunctor</Filter>
    </ClCompile>
    <ClCompile Include="Private\ChattingState.cpp">
      <Filter>소스 파일\ClientStateFunctor</Filter>
    </ClCompile>
    <ClCompile Include="Private\ConnectEndState.cpp">
      <Filter>소스 파일\ClientStateFunctor</Filter>
    </ClCompile>
  </ItemGroup>
  <ItemGroup>
    <ClInclude Include="..\..\Shared\Public\Packet_Utility.h">
      <Filter>헤더 파일\Shared</Filter>
    </ClInclude>
    <ClInclude Include="..\..\Shared\Public\Define.h">
      <Filter>헤더 파일\Shared</Filter>
    </ClInclude>
    <ClInclude Include="..\..\Shared\Public\Enum.h">
      <Filter>헤더 파일\Shared</Filter>
    </ClInclude>
    <ClInclude Include="..\..\Shared\Public\Function.h">
      <Filter>헤더 파일\Shared</Filter>
    </ClInclude>
    <ClInclude Include="..\..\Shared\Public\NoCopyObject.h">
      <Filter>헤더 파일\Shared</Filter>
    </ClInclude>
    <ClInclude Include="Public\ClientInfo.h">
      <Filter>헤더 파일</Filter>
    </ClInclude>
    <ClInclude Include="Public\ServerManager.h">
      <Filter>헤더 파일</Filter>
    </ClInclude>
    <ClInclude Include="Public\ClientIniteState.h">
      <Filter>헤더 파일\ClientStateFunctor</Filter>
    </ClInclude>
    <ClInclude Include="Public\ChattIniteState.h">
      <Filter>헤더 파일\ClientStateFunctor</Filter>
    </ClInclude>
    <ClInclude Include="Public\ChattingState.h">
      <Filter>헤더 파일\ClientStateFunctor</Filter>
    </ClInclude>
    <ClInclude Include="Public\ConnectEndState.h">
      <Filter>헤더 파일\ClientStateFunctor</Filter>
    </ClInclude>
  </ItemGroup>
</Project>